{"1.1.0",
[{<<"jsone">>,{pkg,<<"jsone">>,<<"1.4.7">>},0},
 {<<"msgpack">>,{pkg,<<"msgpack">>,<<"0.7.0">>},0}]}.
[
{pkg_hash,[
 {<<"jsone">>, <<"A970C23D9700AE7842B526C57677E6E3F10894B429524696EAD547E9302391C0">>},
 {<<"msgpack">>, <<"128AE0A2227C7E7A2847C0F0F73551C268464F8C1EE96BFFB920BC0A5712B295">>}]}
].
