[{<<"goldrush">>,
  {git,"git://github.com/DeadZen/goldrush.git",
       {ref,"212299233c7e7eb63a97be2777e1c05ebaa58dbe"}},
  1},
 {<<"jsx">>,
  {git,"https://github.com/talentdeficit/jsx.git",
       {ref,"3074d4865b3385a050badf7828ad31490d860df5"}},
  0},
 {<<"lager">>,
  {git,"https://github.com/basho/lager.git",
       {ref,"46f535b856e4a30c5afed34778b2b6e23560a845"}},
  0},
 {<<"msgpack">>,
  {git,"https://github.com/msgpack/msgpack-erlang.git",
       {ref,"045110de76b93f426f24c74094142cd91f8a1063"}},
  0},
 {<<"rebar_vsn_plugin">>,
  {git,"https://github.com/erlware/rebar_vsn_plugin.git",
       {ref,"fd40c960c7912193631d948fe962e1162a8d1334"}},
  1},
 {<<"uri">>,
  {git,"https://github.com/erlware/uri.git",
       {ref,"91f6b7162d25cc42538606daf08f5df3b9f5861b"}},
  0}].
